
Microsoft Visual Studio Solution File, Format Version 12.00
# Visual Studio Version 16
VisualStudioVersion = 16.0.29230.47
MinimumVisualStudioVersion = 10.0.40219.1
Project("{FAE04EC0-301F-11D3-BF4B-00C04F79EFBC}") = "NKHook5", "NKHook5.csproj", "{4C8D11CF-0F3C-4772-8F33-693530F71A03}"
EndProject
Project("{FAE04EC0-301F-11D3-BF4B-00C04F79EFBC}") = "Popped is Money", "..\Test Plugin\Popped is Money.csproj", "{A2561BFC-B001-4F46-8397-36B74D348058}"
EndProject
Project("{FAE04EC0-301F-11D3-BF4B-00C04F79EFBC}") = "Loosing health costs Money", "..\Loosing health costs Money\Loosing health costs Money.csproj", "{80129263-6671-4402-B832-84BDD48D7BCE}"
EndProject
Project("{FAE04EC0-301F-11D3-BF4B-00C04F79EFBC}") = "EventLoopTesting", "..\EventLoopTesting\EventLoopTesting.csproj", "{AEF462E7-119A-42E7-9283-42DC6CEBE546}"
EndProject
Project("{FAE04EC0-301F-11D3-BF4B-00C04F79EFBC}") = "SelectedTowerToMouse", "..\SelectedTowerToMouse\SelectedTowerToMouse.csproj", "{D0C3AAB8-3557-4835-94B4-E0D3C4967E98}"
EndProject
Project("{FAE04EC0-301F-11D3-BF4B-00C04F79EFBC}") = "NoUpgradeLimit", "..\NoUpgradeLimit\NoUpgradeLimit.csproj", "{6E6A2255-F25A-4A63-BFA9-6786B5002ED2}"
EndProject
Project("{FAE04EC0-301F-11D3-BF4B-00C04F79EFBC}") = "RGBSelected", "..\RGBSelected\RGBSelected.csproj", "{B6432DF3-C676-44AE-BAF8-836214480A76}"
EndProject
Global
	GlobalSection(SolutionConfigurationPlatforms) = preSolution
		Debug|Any CPU = Debug|Any CPU
		Release|Any CPU = Release|Any CPU
	EndGlobalSection
	GlobalSection(ProjectConfigurationPlatforms) = postSolution
		{4C8D11CF-0F3C-4772-8F33-693530F71A03}.Debug|Any CPU.ActiveCfg = Debug|Any CPU
		{4C8D11CF-0F3C-4772-8F33-693530F71A03}.Debug|Any CPU.Build.0 = Debug|Any CPU
		{4C8D11CF-0F3C-4772-8F33-693530F71A03}.Release|Any CPU.ActiveCfg = Release|Any CPU
		{4C8D11CF-0F3C-4772-8F33-693530F71A03}.Release|Any CPU.Build.0 = Release|Any CPU
		{A2561BFC-B001-4F46-8397-36B74D348058}.Debug|Any CPU.ActiveCfg = Debug|Any CPU
		{A2561BFC-B001-4F46-8397-36B74D348058}.Debug|Any CPU.Build.0 = Debug|Any CPU
		{A2561BFC-B001-4F46-8397-36B74D348058}.Release|Any CPU.ActiveCfg = Release|Any CPU
		{A2561BFC-B001-4F46-8397-36B74D348058}.Release|Any CPU.Build.0 = Release|Any CPU
		{80129263-6671-4402-B832-84BDD48D7BCE}.Debug|Any CPU.ActiveCfg = Debug|Any CPU
		{80129263-6671-4402-B832-84BDD48D7BCE}.Debug|Any CPU.Build.0 = Debug|Any CPU
		{80129263-6671-4402-B832-84BDD48D7BCE}.Release|Any CPU.ActiveCfg = Release|Any CPU
		{80129263-6671-4402-B832-84BDD48D7BCE}.Release|Any CPU.Build.0 = Release|Any CPU
		{AEF462E7-119A-42E7-9283-42DC6CEBE546}.Debug|Any CPU.ActiveCfg = Debug|Any CPU
		{AEF462E7-119A-42E7-9283-42DC6CEBE546}.Debug|Any CPU.Build.0 = Debug|Any CPU
		{AEF462E7-119A-42E7-9283-42DC6CEBE546}.Release|Any CPU.ActiveCfg = Release|Any CPU
		{AEF462E7-119A-42E7-9283-42DC6CEBE546}.Release|Any CPU.Build.0 = Release|Any CPU
		{D0C3AAB8-3557-4835-94B4-E0D3C4967E98}.Debug|Any CPU.ActiveCfg = Debug|Any CPU
		{D0C3AAB8-3557-4835-94B4-E0D3C4967E98}.Debug|Any CPU.Build.0 = Debug|Any CPU
		{D0C3AAB8-3557-4835-94B4-E0D3C4967E98}.Release|Any CPU.ActiveCfg = Release|Any CPU
		{D0C3AAB8-3557-4835-94B4-E0D3C4967E98}.Release|Any CPU.Build.0 = Release|Any CPU
		{6E6A2255-F25A-4A63-BFA9-6786B5002ED2}.Debug|Any CPU.ActiveCfg = Debug|Any CPU
		{6E6A2255-F25A-4A63-BFA9-6786B5002ED2}.Debug|Any CPU.Build.0 = Debug|Any CPU
		{6E6A2255-F25A-4A63-BFA9-6786B5002ED2}.Release|Any CPU.ActiveCfg = Release|Any CPU
		{6E6A2255-F25A-4A63-BFA9-6786B5002ED2}.Release|Any CPU.Build.0 = Release|Any CPU
		{B6432DF3-C676-44AE-BAF8-836214480A76}.Debug|Any CPU.ActiveCfg = Debug|Any CPU
		{B6432DF3-C676-44AE-BAF8-836214480A76}.Debug|Any CPU.Build.0 = Debug|Any CPU
		{B6432DF3-C676-44AE-BAF8-836214480A76}.Release|Any CPU.ActiveCfg = Release|Any CPU
		{B6432DF3-C676-44AE-BAF8-836214480A76}.Release|Any CPU.Build.0 = Release|Any CPU
	EndGlobalSection
	GlobalSection(SolutionProperties) = preSolution
		HideSolutionNode = FALSE
	EndGlobalSection
	GlobalSection(ExtensibilityGlobals) = postSolution
		SolutionGuid = {A4BC4172-FB94-4429-9785-92CFD7B63C25}
	EndGlobalSection
EndGlobal
